{
    "_readme": [
        "This file locks the dependencies of your project to a known state",
        "Read more about it at https://getcomposer.org/doc/01-basic-usage.md#installing-dependencies",
        "This file is @generated automatically"
    ],
    "content-hash": "5b0ad14281fe67392d2beb717ed4ba14",
    "packages": [
        {
            "name": "composer/installers",
            "version": "v1.12.0",
            "source": {
                "type": "git",
                "url": "https://github.com/composer/installers.git",
                "reference": "d20a64ed3c94748397ff5973488761b22f6d3f19"
            },
            "dist": {
                "type": "zip",
                "url": "https://api.github.com/repos/composer/installers/zipball/d20a64ed3c94748397ff5973488761b22f6d3f19",
                "reference": "d20a64ed3c94748397ff5973488761b22f6d3f19",
                "shasum": ""
            },
            "require": {
                "composer-plugin-api": "^1.0 || ^2.0"
            },
            "replace": {
                "roundcube/plugin-installer": "*",
                "shama/baton": "*"
            },
            "require-dev": {
                "composer/composer": "1.6.* || ^2.0",
                "composer/semver": "^1 || ^3",
                "phpstan/phpstan": "^0.12.55",
                "phpstan/phpstan-phpunit": "^0.12.16",
                "symfony/phpunit-bridge": "^4.2 || ^5",
                "symfony/process": "^2.3"
            },
            "type": "composer-plugin",
            "extra": {
                "class": "Composer\\Installers\\Plugin",
                "branch-alias": {
                    "dev-main": "1.x-dev"
                }
            },
            "autoload": {
                "psr-4": {
                    "Composer\\Installers\\": "src/Composer/Installers"
                }
            },
            "notification-url": "https://packagist.org/downloads/",
            "license": [
                "MIT"
            ],
            "authors": [
                {
                    "name": "Kyle Robinson Young",
                    "email": "kyle@dontkry.com",
                    "homepage": "https://github.com/shama"
                }
            ],
            "description": "A multi-framework Composer library installer",
            "homepage": "https://composer.github.io/installers/",
            "keywords": [
                "Craft",
                "Dolibarr",
                "Eliasis",
                "Hurad",
                "ImageCMS",
                "Kanboard",
                "Lan Management System",
                "MODX Evo",
                "MantisBT",
                "Mautic",
                "Maya",
                "OXID",
                "Plentymarkets",
                "Porto",
                "RadPHP",
                "SMF",
                "Starbug",
                "Thelia",
                "Whmcs",
                "WolfCMS",
                "agl",
                "aimeos",
                "annotatecms",
                "attogram",
                "bitrix",
                "cakephp",
                "chef",
                "cockpit",
                "codeigniter",
                "concrete5",
                "croogo",
                "dokuwiki",
                "drupal",
                "eZ Platform",
                "elgg",
                "expressionengine",
                "fuelphp",
                "grav",
                "installer",
                "itop",
                "joomla",
                "known",
                "kohana",
                "laravel",
                "lavalite",
                "lithium",
                "magento",
                "majima",
                "mako",
                "mediawiki",
                "miaoxing",
                "modulework",
                "modx",
                "moodle",
                "osclass",
                "pantheon",
                "phpbb",
                "piwik",
                "ppi",
                "processwire",
                "puppet",
                "pxcms",
                "reindex",
                "roundcube",
                "shopware",
                "silverstripe",
                "sydes",
                "sylius",
                "symfony",
                "tastyigniter",
                "typo3",
                "wordpress",
                "yawik",
                "zend",
                "zikula"
            ],
            "support": {
                "issues": "https://github.com/composer/installers/issues",
                "source": "https://github.com/composer/installers/tree/v1.12.0"
            },
            "funding": [
                {
                    "url": "https://packagist.com",
                    "type": "custom"
                },
                {
                    "url": "https://github.com/composer",
                    "type": "github"
                },
                {
                    "url": "https://tidelift.com/funding/github/packagist/composer/composer",
                    "type": "tidelift"
                }
            ],
            "time": "2021-09-13T08:19:44+00:00"
        },
        {
            "name": "meta-box/mb-admin-columns",
            "version": "master",
            "dist": {
                "type": "zip",
                "url": "https://metabox.io/?action=download&product=mb-admin-columns&api_key=42ecdf32b0e76fe7766bc340ad82046b"
            },
            "require": {
                "composer/installers": "~1.0"
            },
            "type": "wordpress-plugin"
        },
        {
            "name": "meta-box/mb-settings-page",
            "version": "master",
            "dist": {
                "type": "zip",
                "url": "https://metabox.io/?action=download&product=mb-settings-page&api_key=42ecdf32b0e76fe7766bc340ad82046b"
            },
            "require": {
                "composer/installers": "~1.0"
            },
            "type": "wordpress-plugin"
        },
        {
            "name": "meta-box/meta-box-columns",
            "version": "master",
            "dist": {
                "type": "zip",
                "url": "https://metabox.io/?action=download&product=meta-box-columns&api_key=42ecdf32b0e76fe7766bc340ad82046b"
            },
            "require": {
                "composer/installers": "~1.0"
            },
            "type": "wordpress-plugin"
        },
        {
            "name": "meta-box/meta-box-conditional-logic",
            "version": "master",
            "dist": {
                "type": "zip",
                "url": "https://metabox.io/?action=download&product=meta-box-conditional-logic&api_key=42ecdf32b0e76fe7766bc340ad82046b"
            },
            "require": {
                "composer/installers": "~1.0"
            },
            "type": "wordpress-plugin"
        },
        {
            "name": "php-imap/php-imap",
            "version": "5.0.0",
            "source": {
                "type": "git",
                "url": "https://github.com/barbushin/php-imap.git",
                "reference": "13bdfa9a6f541798253e24e2d8f44332c8be098c"
            },
            "dist": {
                "type": "zip",
                "url": "https://api.github.com/repos/barbushin/php-imap/zipball/13bdfa9a6f541798253e24e2d8f44332c8be098c",
                "reference": "13bdfa9a6f541798253e24e2d8f44332c8be098c",
                "shasum": ""
            },
            "require": {
                "ext-fileinfo": "*",
                "ext-iconv": "*",
                "ext-imap": "*",
                "ext-json": "*",
                "ext-mbstring": "*",
                "php": "^7.4 || ^8.0"
            },
            "require-dev": {
                "friendsofphp/php-cs-fixer": "^3.4",
                "maglnet/composer-require-checker": "^2.0|^3.2",
                "nikic/php-parser": "^4.3,<4.7|^4.10",
                "paragonie/hidden-string": "^1.0",
                "php-parallel-lint/php-parallel-lint": "^1.3",
                "phpunit/phpunit": "^8.5|^9.5",
                "povils/phpmnd": "^2.2",
                "psalm/plugin-phpunit": "^0.10.0|^0.15.1",
                "roave/security-advisories": "dev-master",
                "sebastian/phpcpd": "^4.1|^6.0"
            },
            "suggest": {
                "ext-fileinfo": "To facilitate IncomingMailAttachment::getFileInfo() auto-detection"
            },
            "type": "library",
            "autoload": {
                "psr-4": {
                    "PhpImap\\": "src/PhpImap"
                }
            },
            "notification-url": "https://packagist.org/downloads/",
            "license": [
                "MIT"
            ],
            "authors": [
                {
                    "name": "Sergey Barbushin",
                    "email": "barbushin@gmail.com",
                    "homepage": "http://linkedin.com/in/barbushin"
                }
            ],
            "description": "Manage mailboxes, filter/get/delete emails in PHP (supports IMAP/POP3/NNTP)",
            "homepage": "https://github.com/barbushin/php-imap",
            "keywords": [
                "imap",
                "mail",
                "mailbox",
                "php",
                "pop3",
                "receive emails"
            ],
            "support": {
                "issues": "https://github.com/barbushin/php-imap/issues",
                "source": "https://github.com/barbushin/php-imap/tree/5.0.0"
            },
            "time": "2022-03-12T14:39:59+00:00"
        },
        {
            "name": "wpmetabox/meta-box",
            "version": "5.6.6",
            "source": {
                "type": "git",
                "url": "https://github.com/wpmetabox/meta-box.git",
                "reference": "2c49a50ca1e1b3a3aef57c1c81d6be5d659d0b5f"
            },
            "dist": {
                "type": "zip",
                "url": "https://api.github.com/repos/wpmetabox/meta-box/zipball/2c49a50ca1e1b3a3aef57c1c81d6be5d659d0b5f",
                "reference": "2c49a50ca1e1b3a3aef57c1c81d6be5d659d0b5f",
                "shasum": ""
            },
            "type": "wordpress-plugin",
            "notification-url": "https://packagist.org/downloads/",
            "license": [
                "GPL-2.0"
            ],
            "authors": [
                {
                    "name": "Tran Ngoc Tuan Anh",
                    "email": "anhtnt@elightup.com",
                    "homepage": "https://metabox.io",
                    "role": "Developer"
                }
            ],
            "description": "A powerful, professional developer toolkit to create custom meta boxes and custom fields for WordPress websites.",
            "homepage": "https://metabox.io",
            "keywords": [
                "custom-field",
                "meta-box",
                "select2",
                "ui",
                "wordpress",
                "wordpress-plugin",
                "wp-admin"
            ],
            "support": {
                "issues": "https://github.com/wpmetabox/meta-box/issues",
                "source": "https://github.com/wpmetabox/meta-box/tree/5.6.6"
            },
            "time": "2022-08-05T04:16:39+00:00"
        }
    ],
    "packages-dev": [],
    "aliases": [],
    "minimum-stability": "stable",
    "stability-flags": {
        "meta-box/mb-settings-page": 20,
        "meta-box/meta-box-conditional-logic": 20,
        "meta-box/meta-box-columns": 20,
        "meta-box/mb-admin-columns": 20
    },
    "prefer-stable": false,
    "prefer-lowest": false,
    "platform": [],
    "platform-dev": [],
    "plugin-api-version": "2.2.0"
}
